// !$*UTF8*$!
{
	archiveVersion = 1;
	classes = {
	};
	objectVersion = 56;
	objects = {

/* Begin PBXBuildFile section */
		26CC20302C1C84FB00E0A299 /* LoginView.swift in Sources */ = {isa = PBXBuildFile; fileRef = 26CC202F2C1C84FB00E0A299 /* LoginView.swift */; };
		26CC20332C1C86A900E0A299 /* LoginService.swift in Sources */ = {isa = PBXBuildFile; fileRef = 26CC20322C1C86A900E0A299 /* LoginService.swift */; };
		26CC20392C1C887A00E0A299 /* LoginDataModel.swift in Sources */ = {isa = PBXBuildFile; fileRef = 26CC20382C1C887A00E0A299 /* LoginDataModel.swift */; };
		26CC203B2C1C9BC600E0A299 /* MainView.swift in Sources */ = {isa = PBXBuildFile; fileRef = 26CC203A2C1C9BC600E0A299 /* MainView.swift */; };
		26CC203E2C1C9EBF00E0A299 /* StringEx.swift in Sources */ = {isa = PBXBuildFile; fileRef = 26CC203D2C1C9EBF00E0A299 /* StringEx.swift */; };
		26CC204E2C28845D00E0A299 /* SwiftUtils in Frameworks */ = {isa = PBXBuildFile; productRef = 26CC204D2C28845D00E0A299 /* SwiftUtils */; };
		26CC20512C2885B100E0A299 /* Alamofire in Frameworks */ = {isa = PBXBuildFile; productRef = 26CC20502C2885B100E0A299 /* Alamofire */; };
		26CC20542C2DAE0C00E0A299 /* CheckinService.swift in Sources */ = {isa = PBXBuildFile; fileRef = 26CC20522C2DAE0C00E0A299 /* CheckinService.swift */; };
		26CC20552C2DAE0C00E0A299 /* UserService.swift in Sources */ = {isa = PBXBuildFile; fileRef = 26CC20532C2DAE0C00E0A299 /* UserService.swift */; };
		26CC20572C2DAE1E00E0A299 /* CheckinModel.swift in Sources */ = {isa = PBXBuildFile; fileRef = 26CC20562C2DAE1E00E0A299 /* CheckinModel.swift */; };
		26FD041E2C1B4D7C0076245C /* bilibiliApp.swift in Sources */ = {isa = PBXBuildFile; fileRef = 26FD041D2C1B4D7C0076245C /* bilibiliApp.swift */; };
		26FD04202C1B4D7C0076245C /* ContentView.swift in Sources */ = {isa = PBXBuildFile; fileRef = 26FD041F2C1B4D7C0076245C /* ContentView.swift */; };
		26FD04222C1B4D7D0076245C /* Assets.xcassets in Resources */ = {isa = PBXBuildFile; fileRef = 26FD04212C1B4D7D0076245C /* Assets.xcassets */; };
		26FD04252C1B4D7D0076245C /* Preview Assets.xcassets in Resources */ = {isa = PBXBuildFile; fileRef = 26FD04242C1B4D7D0076245C /* Preview Assets.xcassets */; };
/* End PBXBuildFile section */

/* Begin PBXFileReference section */
		26CC202F2C1C84FB00E0A299 /* LoginView.swift */ = {isa = PBXFileReference; lastKnownFileType = sourcecode.swift; path = LoginView.swift; sourceTree = "<group>"; };
		26CC20322C1C86A900E0A299 /* LoginService.swift */ = {isa = PBXFileReference; lastKnownFileType = sourcecode.swift; path = LoginService.swift; sourceTree = "<group>"; };
		26CC20382C1C887A00E0A299 /* LoginDataModel.swift */ = {isa = PBXFileReference; lastKnownFileType = sourcecode.swift; path = LoginDataModel.swift; sourceTree = "<group>"; };
		26CC203A2C1C9BC600E0A299 /* MainView.swift */ = {isa = PBXFileReference; lastKnownFileType = sourcecode.swift; path = MainView.swift; sourceTree = "<group>"; };
		26CC203D2C1C9EBF00E0A299 /* StringEx.swift */ = {isa = PBXFileReference; lastKnownFileType = sourcecode.swift; path = StringEx.swift; sourceTree = "<group>"; };
		26CC20522C2DAE0C00E0A299 /* CheckinService.swift */ = {isa = PBXFileReference; fileEncoding = 4; lastKnownFileType = sourcecode.swift; path = CheckinService.swift; sourceTree = "<group>"; };
		26CC20532C2DAE0C00E0A299 /* UserService.swift */ = {isa = PBXFileReference; fileEncoding = 4; lastKnownFileType = sourcecode.swift; path = UserService.swift; sourceTree = "<group>"; };
		26CC20562C2DAE1E00E0A299 /* CheckinModel.swift */ = {isa = PBXFileReference; fileEncoding = 4; lastKnownFileType = sourcecode.swift; name = CheckinModel.swift; path = bilibili/Models/CheckinModel.swift; sourceTree = SOURCE_ROOT; };
		26FD041A2C1B4D7C0076245C /* bilibili.app */ = {isa = PBXFileReference; explicitFileType = wrapper.application; includeInIndex = 0; path = bilibili.app; sourceTree = BUILT_PRODUCTS_DIR; };
		26FD041D2C1B4D7C0076245C /* bilibiliApp.swift */ = {isa = PBXFileReference; lastKnownFileType = sourcecode.swift; path = bilibiliApp.swift; sourceTree = "<group>"; };
		26FD041F2C1B4D7C0076245C /* ContentView.swift */ = {isa = PBXFileReference; lastKnownFileType = sourcecode.swift; path = ContentView.swift; sourceTree = "<group>"; };
		26FD04212C1B4D7D0076245C /* Assets.xcassets */ = {isa = PBXFileReference; lastKnownFileType = folder.assetcatalog; path = Assets.xcassets; sourceTree = "<group>"; };
		26FD04242C1B4D7D0076245C /* Preview Assets.xcassets */ = {isa = PBXFileReference; lastKnownFileType = folder.assetcatalog; path = "Preview Assets.xcassets"; sourceTree = "<group>"; };
		26FD04262C1B4D7D0076245C /* bilibili.entitlements */ = {isa = PBXFileReference; lastKnownFileType = text.plist.entitlements; path = bilibili.entitlements; sourceTree = "<group>"; };
/* End PBXFileReference section */

/* Begin PBXFrameworksBuildPhase section */
		26FD04172C1B4D7C0076245C /* Frameworks */ = {
			isa = PBXFrameworksBuildPhase;
			buildActionMask = 2147483647;
			files = (
				26CC204E2C28845D00E0A299 /* SwiftUtils in Frameworks */,
				26CC20512C2885B100E0A299 /* Alamofire in Frameworks */,
			);
			runOnlyForDeploymentPostprocessing = 0;
		};
/* End PBXFrameworksBuildPhase section */

/* Begin PBXGroup section */
		26CC20312C1C855000E0A299 /* Services */ = {
			isa = PBXGroup;
			children = (
				26CC20522C2DAE0C00E0A299 /* CheckinService.swift */,
				26CC20532C2DAE0C00E0A299 /* UserService.swift */,
				26CC20322C1C86A900E0A299 /* LoginService.swift */,
			);
			path = Services;
			sourceTree = "<group>";
		};
		26CC20372C1C886400E0A299 /* Models */ = {
			isa = PBXGroup;
			children = (
				26CC20562C2DAE1E00E0A299 /* CheckinModel.swift */,
				26CC20382C1C887A00E0A299 /* LoginDataModel.swift */,
			);
			path = Models;
			sourceTree = "<group>";
		};
		26CC203C2C1C9EA000E0A299 /* SwiftEx */ = {
			isa = PBXGroup;
			children = (
				26CC203D2C1C9EBF00E0A299 /* StringEx.swift */,
			);
			path = SwiftEx;
			sourceTree = "<group>";
		};
		26FD04112C1B4D7C0076245C = {
			isa = PBXGroup;
			children = (
				26FD041C2C1B4D7C0076245C /* bilibili */,
				26FD041B2C1B4D7C0076245C /* Products */,
			);
			sourceTree = "<group>";
		};
		26FD041B2C1B4D7C0076245C /* Products */ = {
			isa = PBXGroup;
			children = (
				26FD041A2C1B4D7C0076245C /* bilibili.app */,
			);
			name = Products;
			sourceTree = "<group>";
		};
		26FD041C2C1B4D7C0076245C /* bilibili */ = {
			isa = PBXGroup;
			children = (
				26CC203C2C1C9EA000E0A299 /* SwiftEx */,
				26CC20372C1C886400E0A299 /* Models */,
				26CC20312C1C855000E0A299 /* Services */,
				26FD042C2C1B4E520076245C /* Views */,
				26FD041D2C1B4D7C0076245C /* bilibiliApp.swift */,
				26FD041F2C1B4D7C0076245C /* ContentView.swift */,
				26FD04212C1B4D7D0076245C /* Assets.xcassets */,
				26FD04262C1B4D7D0076245C /* bilibili.entitlements */,
				26FD04232C1B4D7D0076245C /* Preview Content */,
			);
			path = bilibili;
			sourceTree = "<group>";
		};
		26FD04232C1B4D7D0076245C /* Preview Content */ = {
			isa = PBXGroup;
			children = (
				26FD04242C1B4D7D0076245C /* Preview Assets.xcassets */,
			);
			path = "Preview Content";
			sourceTree = "<group>";
		};
		26FD042C2C1B4E520076245C /* Views */ = {
			isa = PBXGroup;
			children = (
				26CC202F2C1C84FB00E0A299 /* LoginView.swift */,
				26CC203A2C1C9BC600E0A299 /* MainView.swift */,
			);
			path = Views;
			sourceTree = "<group>";
		};
/* End PBXGroup section */

/* Begin PBXNativeTarget section */
		26FD04192C1B4D7C0076245C /* bilibili */ = {
			isa = PBXNativeTarget;
			buildConfigurationList = 26FD04292C1B4D7D0076245C /* Build configuration list for PBXNativeTarget "bilibili" */;
			buildPhases = (
				26FD04162C1B4D7C0076245C /* Sources */,
				26FD04172C1B4D7C0076245C /* Frameworks */,
				26FD04182C1B4D7C0076245C /* Resources */,
			);
			buildRules = (
			);
			dependencies = (
			);
			name = bilibili;
			packageProductDependencies = (
				26CC204D2C28845D00E0A299 /* SwiftUtils */,
				26CC20502C2885B100E0A299 /* Alamofire */,
			);
			productName = bilibili;
			productReference = 26FD041A2C1B4D7C0076245C /* bilibili.app */;
			productType = "com.apple.product-type.application";
		};
/* End PBXNativeTarget section */

/* Begin PBXProject section */
		26FD04122C1B4D7C0076245C /* Project object */ = {
			isa = PBXProject;
			attributes = {
				BuildIndependentTargetsInParallel = 1;
				LastSwiftUpdateCheck = 1540;
				LastUpgradeCheck = 1540;
				TargetAttributes = {
					26FD04192C1B4D7C0076245C = {
						CreatedOnToolsVersion = 15.4;
					};
				};
			};
			buildConfigurationList = 26FD04152C1B4D7C0076245C /* Build configuration list for PBXProject "bilibili" */;
			compatibilityVersion = "Xcode 14.0";
			developmentRegion = en;
			hasScannedForEncodings = 0;
			knownRegions = (
				en,
				Base,
			);
			mainGroup = 26FD04112C1B4D7C0076245C;
			packageReferences = (
				26CC204C2C28845D00E0A299 /* XCRemoteSwiftPackageReference "SwiftUtils" */,
				26CC204F2C2885B100E0A299 /* XCRemoteSwiftPackageReference "Alamofire" */,
			);
			productRefGroup = 26FD041B2C1B4D7C0076245C /* Products */;
			projectDirPath = "";
			projectRoot = "";
			targets = (
				26FD04192C1B4D7C0076245C /* bilibili */,
			);
		};
/* End PBXProject section */

/* Begin PBXResourcesBuildPhase section */
		26FD04182C1B4D7C0076245C /* Resources */ = {
			isa = PBXResourcesBuildPhase;
			buildActionMask = 2147483647;
			files = (
				26FD04252C1B4D7D0076245C /* Preview Assets.xcassets in Resources */,
				26FD04222C1B4D7D0076245C /* Assets.xcassets in Resources */,
			);
			runOnlyForDeploymentPostprocessing = 0;
		};
/* End PBXResourcesBuildPhase section */

/* Begin PBXSourcesBuildPhase section */
		26FD04162C1B4D7C0076245C /* Sources */ = {
			isa = PBXSourcesBuildPhase;
			buildActionMask = 2147483647;
			files = (
				26FD04202C1B4D7C0076245C /* ContentView.swift in Sources */,
				26CC203B2C1C9BC600E0A299 /* MainView.swift in Sources */,
				26CC20552C2DAE0C00E0A299 /* UserService.swift in Sources */,
				26CC20572C2DAE1E00E0A299 /* CheckinModel.swift in Sources */,
				26CC20392C1C887A00E0A299 /* LoginDataModel.swift in Sources */,
				26CC20332C1C86A900E0A299 /* LoginService.swift in Sources */,
				26CC203E2C1C9EBF00E0A299 /* StringEx.swift in Sources */,
				26CC20542C2DAE0C00E0A299 /* CheckinService.swift in Sources */,
				26CC20302C1C84FB00E0A299 /* LoginView.swift in Sources */,
				26FD041E2C1B4D7C0076245C /* bilibiliApp.swift in Sources */,
			);
			runOnlyForDeploymentPostprocessing = 0;
		};
/* End PBXSourcesBuildPhase section */

/* Begin XCBuildConfiguration section */
		26FD04272C1B4D7D0076245C /* Debug */ = {
			isa = XCBuildConfiguration;
			buildSettings = {
				ALWAYS_SEARCH_USER_PATHS = NO;
				ASSETCATALOG_COMPILER_GENERATE_SWIFT_ASSET_SYMBOL_EXTENSIONS = YES;
				CLANG_ANALYZER_NONNULL = YES;
				CLANG_ANALYZER_NUMBER_OBJECT_CONVERSION = YES_AGGRESSIVE;
				CLANG_CXX_LANGUAGE_STANDARD = "gnu++20";
				CLANG_ENABLE_MODULES = YES;
				CLANG_ENABLE_OBJC_ARC = YES;
				CLANG_ENABLE_OBJC_WEAK = YES;
				CLANG_WARN_BLOCK_CAPTURE_AUTORELEASING = YES;
				CLANG_WARN_BOOL_CONVERSION = YES;
				CLANG_WARN_COMMA = YES;
				CLANG_WARN_CONSTANT_CONVERSION = YES;
				CLANG_WARN_DEPRECATED_OBJC_IMPLEMENTATIONS = YES;
				CLANG_WARN_DIRECT_OBJC_ISA_USAGE = YES_ERROR;
				CLANG_WARN_DOCUMENTATION_COMMENTS = YES;
				CLANG_WARN_EMPTY_BODY = YES;
				CLANG_WARN_ENUM_CONVERSION = YES;
				CLANG_WARN_INFINITE_RECURSION = YES;
				CLANG_WARN_INT_CONVERSION = YES;
				CLANG_WARN_NON_LITERAL_NULL_CONVERSION = YES;
				CLANG_WARN_OBJC_IMPLICIT_RETAIN_SELF = YES;
				CLANG_WARN_OBJC_LITERAL_CONVERSION = YES;
				CLANG_WARN_OBJC_ROOT_CLASS = YES_ERROR;
				CLANG_WARN_QUOTED_INCLUDE_IN_FRAMEWORK_HEADER = YES;
				CLANG_WARN_RANGE_LOOP_ANALYSIS = YES;
				CLANG_WARN_STRICT_PROTOTYPES = YES;
				CLANG_WARN_SUSPICIOUS_MOVE = YES;
				CLANG_WARN_UNGUARDED_AVAILABILITY = YES_AGGRESSIVE;
				CLANG_WARN_UNREACHABLE_CODE = YES;
				CLANG_WARN__DUPLICATE_METHOD_MATCH = YES;
				COPY_PHASE_STRIP = NO;
				DEBUG_INFORMATION_FORMAT = dwarf;
				ENABLE_STRICT_OBJC_MSGSEND = YES;
				ENABLE_TESTABILITY = YES;
				ENABLE_USER_SCRIPT_SANDBOXING = YES;
				GCC_C_LANGUAGE_STANDARD = gnu17;
				GCC_DYNAMIC_NO_PIC = NO;
				GCC_NO_COMMON_BLOCKS = YES;
				GCC_OPTIMIZATION_LEVEL = 0;
				GCC_PREPROCESSOR_DEFINITIONS = (
					"DEBUG=1",
					"$(inherited)",
				);
				GCC_WARN_64_TO_32_BIT_CONVERSION = YES;
				GCC_WARN_ABOUT_RETURN_TYPE = YES_ERROR;
				GCC_WARN_UNDECLARED_SELECTOR = YES;
				GCC_WARN_UNINITIALIZED_AUTOS = YES_AGGRESSIVE;
				GCC_WARN_UNUSED_FUNCTION = YES;
				GCC_WARN_UNUSED_VARIABLE = YES;
				LOCALIZATION_PREFERS_STRING_CATALOGS = YES;
				MACOSX_DEPLOYMENT_TARGET = 14.5;
				MTL_ENABLE_DEBUG_INFO = INCLUDE_SOURCE;
				MTL_FAST_MATH = YES;
				ONLY_ACTIVE_ARCH = YES;
				SDKROOT = macosx;
				SWIFT_ACTIVE_COMPILATION_CONDITIONS = "DEBUG $(inherited)";
				SWIFT_OPTIMIZATION_LEVEL = "-Onone";
			};
			name = Debug;
		};
		26FD04282C1B4D7D0076245C /* Release */ = {
			isa = XCBuildConfiguration;
			buildSettings = {
				ALWAYS_SEARCH_USER_PATHS = NO;
				ASSETCATALOG_COMPILER_GENERATE_SWIFT_ASSET_SYMBOL_EXTENSIONS = YES;
				CLANG_ANALYZER_NONNULL = YES;
				CLANG_ANALYZER_NUMBER_OBJECT_CONVERSION = YES_AGGRESSIVE;
				CLANG_CXX_LANGUAGE_STANDARD = "gnu++20";
				CLANG_ENABLE_MODULES = YES;
				CLANG_ENABLE_OBJC_ARC = YES;
				CLANG_ENABLE_OBJC_WEAK = YES;
				CLANG_WARN_BLOCK_CAPTURE_AUTORELEASING = YES;
				CLANG_WARN_BOOL_CONVERSION = YES;
				CLANG_WARN_COMMA = YES;
				CLANG_WARN_CONSTANT_CONVERSION = YES;
				CLANG_WARN_DEPRECATED_OBJC_IMPLEMENTATIONS = YES;
				CLANG_WARN_DIRECT_OBJC_ISA_USAGE = YES_ERROR;
				CLANG_WARN_DOCUMENTATION_COMMENTS = YES;
				CLANG_WARN_EMPTY_BODY = YES;
				CLANG_WARN_ENUM_CONVERSION = YES;
				CLANG_WARN_INFINITE_RECURSION = YES;
				CLANG_WARN_INT_CONVERSION = YES;
				CLANG_WARN_NON_LITERAL_NULL_CONVERSION = YES;
				CLANG_WARN_OBJC_IMPLICIT_RETAIN_SELF = YES;
				CLANG_WARN_OBJC_LITERAL_CONVERSION = YES;
				CLANG_WARN_OBJC_ROOT_CLASS = YES_ERROR;
				CLANG_WARN_QUOTED_INCLUDE_IN_FRAMEWORK_HEADER = YES;
				CLANG_WARN_RANGE_LOOP_ANALYSIS = YES;
				CLANG_WARN_STRICT_PROTOTYPES = YES;
				CLANG_WARN_SUSPICIOUS_MOVE = YES;
				CLANG_WARN_UNGUARDED_AVAILABILITY = YES_AGGRESSIVE;
				CLANG_WARN_UNREACHABLE_CODE = YES;
				CLANG_WARN__DUPLICATE_METHOD_MATCH = YES;
				COPY_PHASE_STRIP = NO;
				DEBUG_INFORMATION_FORMAT = "dwarf-with-dsym";
				ENABLE_NS_ASSERTIONS = NO;
				ENABLE_STRICT_OBJC_MSGSEND = YES;
				ENABLE_USER_SCRIPT_SANDBOXING = YES;
				GCC_C_LANGUAGE_STANDARD = gnu17;
				GCC_NO_COMMON_BLOCKS = YES;
				GCC_WARN_64_TO_32_BIT_CONVERSION = YES;
				GCC_WARN_ABOUT_RETURN_TYPE = YES_ERROR;
				GCC_WARN_UNDECLARED_SELECTOR = YES;
				GCC_WARN_UNINITIALIZED_AUTOS = YES_AGGRESSIVE;
				GCC_WARN_UNUSED_FUNCTION = YES;
				GCC_WARN_UNUSED_VARIABLE = YES;
				LOCALIZATION_PREFERS_STRING_CATALOGS = YES;
				MACOSX_DEPLOYMENT_TARGET = 14.5;
				MTL_ENABLE_DEBUG_INFO = NO;
				MTL_FAST_MATH = YES;
				SDKROOT = macosx;
				SWIFT_COMPILATION_MODE = wholemodule;
			};
			name = Release;
		};
		26FD042A2C1B4D7D0076245C /* Debug */ = {
			isa = XCBuildConfiguration;
			buildSettings = {
				ASSETCATALOG_COMPILER_APPICON_NAME = AppIcon;
				ASSETCATALOG_COMPILER_GLOBAL_ACCENT_COLOR_NAME = AccentColor;
				CODE_SIGN_ENTITLEMENTS = bilibili/bilibili.entitlements;
				"CODE_SIGN_IDENTITY[sdk=macosx*]" = "Apple Development";
				CODE_SIGN_STYLE = Automatic;
				COMBINE_HIDPI_IMAGES = YES;
				CURRENT_PROJECT_VERSION = 1;
				DEVELOPMENT_ASSET_PATHS = "\"bilibili/Preview Content\"";
				DEVELOPMENT_TEAM = 7PDM8RVDK9;
				ENABLE_PREVIEWS = YES;
				GENERATE_INFOPLIST_FILE = YES;
				INFOPLIST_KEY_NSHumanReadableCopyright = "";
				LD_RUNPATH_SEARCH_PATHS = (
					"$(inherited)",
					"@executable_path/../Frameworks",
				);
				MARKETING_VERSION = 1.0;
				PRODUCT_BUNDLE_IDENTIFIER = me.zzhhoo.bilibili;
				PRODUCT_NAME = "$(TARGET_NAME)";
				SWIFT_EMIT_LOC_STRINGS = YES;
				SWIFT_VERSION = 5.0;
			};
			name = Debug;
		};
		26FD042B2C1B4D7D0076245C /* Release */ = {
			isa = XCBuildConfiguration;
			buildSettings = {
				ASSETCATALOG_COMPILER_APPICON_NAME = AppIcon;
				ASSETCATALOG_COMPILER_GLOBAL_ACCENT_COLOR_NAME = AccentColor;
				CODE_SIGN_ENTITLEMENTS = bilibili/bilibili.entitlements;
				"CODE_SIGN_IDENTITY[sdk=macosx*]" = "Apple Development";
				CODE_SIGN_STYLE = Automatic;
				COMBINE_HIDPI_IMAGES = YES;
				CURRENT_PROJECT_VERSION = 1;
				DEVELOPMENT_ASSET_PATHS = "\"bilibili/Preview Content\"";
				DEVELOPMENT_TEAM = 7PDM8RVDK9;
				ENABLE_PREVIEWS = YES;
				GENERATE_INFOPLIST_FILE = YES;
				INFOPLIST_KEY_NSHumanReadableCopyright = "";
				LD_RUNPATH_SEARCH_PATHS = (
					"$(inherited)",
					"@executable_path/../Frameworks",
				);
				MARKETING_VERSION = 1.0;
				PRODUCT_BUNDLE_IDENTIFIER = me.zzhhoo.bilibili;
				PRODUCT_NAME = "$(TARGET_NAME)";
				SWIFT_EMIT_LOC_STRINGS = YES;
				SWIFT_VERSION = 5.0;
			};
			name = Release;
		};
/* End XCBuildConfiguration section */

/* Begin XCConfigurationList section */
		26FD04152C1B4D7C0076245C /* Build configuration list for PBXProject "bilibili" */ = {
			isa = XCConfigurationList;
			buildConfigurations = (
				26FD04272C1B4D7D0076245C /* Debug */,
				26FD04282C1B4D7D0076245C /* Release */,
			);
			defaultConfigurationIsVisible = 0;
			defaultConfigurationName = Release;
		};
		26FD04292C1B4D7D0076245C /* Build configuration list for PBXNativeTarget "bilibili" */ = {
			isa = XCConfigurationList;
			buildConfigurations = (
				26FD042A2C1B4D7D0076245C /* Debug */,
				26FD042B2C1B4D7D0076245C /* Release */,
			);
			defaultConfigurationIsVisible = 0;
			defaultConfigurationName = Release;
		};
/* End XCConfigurationList section */

/* Begin XCRemoteSwiftPackageReference section */
		26CC204C2C28845D00E0A299 /* XCRemoteSwiftPackageReference "SwiftUtils" */ = {
			isa = XCRemoteSwiftPackageReference;
			repositoryURL = "https://github.com/zhihaofans/SwiftUtils";
			requirement = {
				kind = exactVersion;
				version = "0.0.5-fix";
			};
		};
		26CC204F2C2885B100E0A299 /* XCRemoteSwiftPackageReference "Alamofire" */ = {
			isa = XCRemoteSwiftPackageReference;
			repositoryURL = "https://github.com/Alamofire/Alamofire";
			requirement = {
				kind = upToNextMajorVersion;
				minimumVersion = 5.9.1;
			};
		};
/* End XCRemoteSwiftPackageReference section */

/* Begin XCSwiftPackageProductDependency section */
		26CC204D2C28845D00E0A299 /* SwiftUtils */ = {
			isa = XCSwiftPackageProductDependency;
			package = 26CC204C2C28845D00E0A299 /* XCRemoteSwiftPackageReference "SwiftUtils" */;
			productName = SwiftUtils;
		};
		26CC20502C2885B100E0A299 /* Alamofire */ = {
			isa = XCSwiftPackageProductDependency;
			package = 26CC204F2C2885B100E0A299 /* XCRemoteSwiftPackageReference "Alamofire" */;
			productName = Alamofire;
		};
/* End XCSwiftPackageProductDependency section */
	};
	rootObject = 26FD04122C1B4D7C0076245C /* Project object */;
}
